
Microsoft Visual Studio Solution File, Format Version 12.00
# Visual Studio Version 17
VisualStudioVersion = 17.6.33723.286
MinimumVisualStudioVersion = 10.0.40219.1
Project("{FAE04EC0-301F-11D3-BF4B-00C04F79EFBC}") = "WebApplicationFacturas", "WebApplicationFacturas\WebApplicationFacturas.csproj", "{134ABAD3-3F89-4CC5-AA60-B5C540355DDF}"
EndProject
Global
	GlobalSection(SolutionConfigurationPlatforms) = preSolution
		Debug|Any CPU = Debug|Any CPU
		Release|Any CPU = Release|Any CPU
	EndGlobalSection
	GlobalSection(ProjectConfigurationPlatforms) = postSolution
		{134ABAD3-3F89-4CC5-AA60-B5C540355DDF}.Debug|Any CPU.ActiveCfg = Debug|Any CPU
		{134ABAD3-3F89-4CC5-AA60-B5C540355DDF}.Debug|Any CPU.Build.0 = Debug|Any CPU
		{134ABAD3-3F89-4CC5-AA60-B5C540355DDF}.Release|Any CPU.ActiveCfg = Release|Any CPU
		{134ABAD3-3F89-4CC5-AA60-B5C540355DDF}.Release|Any CPU.Build.0 = Release|Any CPU
	EndGlobalSection
	GlobalSection(SolutionProperties) = preSolution
		HideSolutionNode = FALSE
	EndGlobalSection
	GlobalSection(ExtensibilityGlobals) = postSolution
		SolutionGuid = {22C4FC3A-7D90-4A93-87F9-F1A8B4863726}
	EndGlobalSection
EndGlobal
